// !$*UTF8*$!
{
	archiveVersion = 1;
	classes = {
	};
	objectVersion = 55;
	objects = {

/* Begin PBXBuildFile section */
		B19377212804A08F0075B063 /* AppDelegate.swift in Sources */ = {isa = PBXBuildFile; fileRef = B19377202804A08F0075B063 /* AppDelegate.swift */; };
		B19377232804A08F0075B063 /* SceneDelegate.swift in Sources */ = {isa = PBXBuildFile; fileRef = B19377222804A08F0075B063 /* SceneDelegate.swift */; };
		B19377252804A08F0075B063 /* ViewController.swift in Sources */ = {isa = PBXBuildFile; fileRef = B19377242804A08F0075B063 /* ViewController.swift */; };
		B19377282804A08F0075B063 /* Main.storyboard in Resources */ = {isa = PBXBuildFile; fileRef = B19377262804A08F0075B063 /* Main.storyboard */; };
		B193772A2804A0900075B063 /* Assets.xcassets in Resources */ = {isa = PBXBuildFile; fileRef = B19377292804A0900075B063 /* Assets.xcassets */; };
		B193772D2804A0900075B063 /* LaunchScreen.storyboard in Resources */ = {isa = PBXBuildFile; fileRef = B193772B2804A0900075B063 /* LaunchScreen.storyboard */; };
		B193774D2804A0FA0075B063 /* spain@2x.png in Resources */ = {isa = PBXBuildFile; fileRef = B19377352804A0FA0075B063 /* spain@2x.png */; };
		B193774E2804A0FA0075B063 /* nigeria@2x.png in Resources */ = {isa = PBXBuildFile; fileRef = B19377362804A0FA0075B063 /* nigeria@2x.png */; };
		B193774F2804A0FA0075B063 /* nigeria@3x.png in Resources */ = {isa = PBXBuildFile; fileRef = B19377372804A0FA0075B063 /* nigeria@3x.png */; };
		B19377502804A0FA0075B063 /* spain@3x.png in Resources */ = {isa = PBXBuildFile; fileRef = B19377382804A0FA0075B063 /* spain@3x.png */; };
		B19377512804A0FA0075B063 /* italy@3x.png in Resources */ = {isa = PBXBuildFile; fileRef = B19377392804A0FA0075B063 /* italy@3x.png */; };
		B19377522804A0FA0075B063 /* ireland@2x.png in Resources */ = {isa = PBXBuildFile; fileRef = B193773A2804A0FA0075B063 /* ireland@2x.png */; };
		B19377532804A0FA0075B063 /* germany@3x.png in Resources */ = {isa = PBXBuildFile; fileRef = B193773B2804A0FA0075B063 /* germany@3x.png */; };
		B19377542804A0FA0075B063 /* germany@2x.png in Resources */ = {isa = PBXBuildFile; fileRef = B193773C2804A0FA0075B063 /* germany@2x.png */; };
		B19377552804A0FA0075B063 /* ireland@3x.png in Resources */ = {isa = PBXBuildFile; fileRef = B193773D2804A0FA0075B063 /* ireland@3x.png */; };
		B19377562804A0FA0075B063 /* italy@2x.png in Resources */ = {isa = PBXBuildFile; fileRef = B193773E2804A0FA0075B063 /* italy@2x.png */; };
		B19377572804A0FA0075B063 /* poland@2x.png in Resources */ = {isa = PBXBuildFile; fileRef = B193773F2804A0FA0075B063 /* poland@2x.png */; };
		B19377582804A0FA0075B063 /* russia@2x.png in Resources */ = {isa = PBXBuildFile; fileRef = B19377402804A0FA0075B063 /* russia@2x.png */; };
		B19377592804A0FA0075B063 /* estonia@2x.png in Resources */ = {isa = PBXBuildFile; fileRef = B19377412804A0FA0075B063 /* estonia@2x.png */; };
		B193775A2804A0FA0075B063 /* estonia@3x.png in Resources */ = {isa = PBXBuildFile; fileRef = B19377422804A0FA0075B063 /* estonia@3x.png */; };
		B193775B2804A0FA0075B063 /* russia@3x.png in Resources */ = {isa = PBXBuildFile; fileRef = B19377432804A0FA0075B063 /* russia@3x.png */; };
		B193775C2804A0FA0075B063 /* poland@3x.png in Resources */ = {isa = PBXBuildFile; fileRef = B19377442804A0FA0075B063 /* poland@3x.png */; };
		B193775D2804A0FA0075B063 /* uk@3x.png in Resources */ = {isa = PBXBuildFile; fileRef = B19377452804A0FA0075B063 /* uk@3x.png */; };
		B193775E2804A0FA0075B063 /* us@3x.png in Resources */ = {isa = PBXBuildFile; fileRef = B19377462804A0FA0075B063 /* us@3x.png */; };
		B193775F2804A0FA0075B063 /* france@3x.png in Resources */ = {isa = PBXBuildFile; fileRef = B19377472804A0FA0075B063 /* france@3x.png */; };
		B19377602804A0FA0075B063 /* monaco@2x.png in Resources */ = {isa = PBXBuildFile; fileRef = B19377482804A0FA0075B063 /* monaco@2x.png */; };
		B19377612804A0FA0075B063 /* monaco@3x.png in Resources */ = {isa = PBXBuildFile; fileRef = B19377492804A0FA0075B063 /* monaco@3x.png */; };
		B19377622804A0FA0075B063 /* france@2x.png in Resources */ = {isa = PBXBuildFile; fileRef = B193774A2804A0FA0075B063 /* france@2x.png */; };
		B19377632804A0FA0075B063 /* us@2x.png in Resources */ = {isa = PBXBuildFile; fileRef = B193774B2804A0FA0075B063 /* us@2x.png */; };
		B19377642804A0FA0075B063 /* uk@2x.png in Resources */ = {isa = PBXBuildFile; fileRef = B193774C2804A0FA0075B063 /* uk@2x.png */; };
		B1937766280751330075B063 /* detailViewController.swift in Sources */ = {isa = PBXBuildFile; fileRef = B1937765280751330075B063 /* detailViewController.swift */; };
/* End PBXBuildFile section */

/* Begin PBXFileReference section */
		B193771D2804A08F0075B063 /* 100DaySwift HomeWork.app */ = {isa = PBXFileReference; explicitFileType = wrapper.application; includeInIndex = 0; path = "100DaySwift HomeWork.app"; sourceTree = BUILT_PRODUCTS_DIR; };
		B19377202804A08F0075B063 /* AppDelegate.swift */ = {isa = PBXFileReference; lastKnownFileType = sourcecode.swift; path = AppDelegate.swift; sourceTree = "<group>"; };
		B19377222804A08F0075B063 /* SceneDelegate.swift */ = {isa = PBXFileReference; lastKnownFileType = sourcecode.swift; path = SceneDelegate.swift; sourceTree = "<group>"; };
		B19377242804A08F0075B063 /* ViewController.swift */ = {isa = PBXFileReference; lastKnownFileType = sourcecode.swift; path = ViewController.swift; sourceTree = "<group>"; };
		B19377272804A08F0075B063 /* Base */ = {isa = PBXFileReference; lastKnownFileType = file.storyboard; name = Base; path = Base.lproj/Main.storyboard; sourceTree = "<group>"; };
		B19377292804A0900075B063 /* Assets.xcassets */ = {isa = PBXFileReference; lastKnownFileType = folder.assetcatalog; path = Assets.xcassets; sourceTree = "<group>"; };
		B193772C2804A0900075B063 /* Base */ = {isa = PBXFileReference; lastKnownFileType = file.storyboard; name = Base; path = Base.lproj/LaunchScreen.storyboard; sourceTree = "<group>"; };
		B193772E2804A0900075B063 /* Info.plist */ = {isa = PBXFileReference; lastKnownFileType = text.plist.xml; path = Info.plist; sourceTree = "<group>"; };
		B19377352804A0FA0075B063 /* spain@2x.png */ = {isa = PBXFileReference; lastKnownFileType = image.png; path = "spain@2x.png"; sourceTree = "<group>"; };
		B19377362804A0FA0075B063 /* nigeria@2x.png */ = {isa = PBXFileReference; lastKnownFileType = image.png; path = "nigeria@2x.png"; sourceTree = "<group>"; };
		B19377372804A0FA0075B063 /* nigeria@3x.png */ = {isa = PBXFileReference; lastKnownFileType = image.png; path = "nigeria@3x.png"; sourceTree = "<group>"; };
		B19377382804A0FA0075B063 /* spain@3x.png */ = {isa = PBXFileReference; lastKnownFileType = image.png; path = "spain@3x.png"; sourceTree = "<group>"; };
		B19377392804A0FA0075B063 /* italy@3x.png */ = {isa = PBXFileReference; lastKnownFileType = image.png; path = "italy@3x.png"; sourceTree = "<group>"; };
		B193773A2804A0FA0075B063 /* ireland@2x.png */ = {isa = PBXFileReference; lastKnownFileType = image.png; path = "ireland@2x.png"; sourceTree = "<group>"; };
		B193773B2804A0FA0075B063 /* germany@3x.png */ = {isa = PBXFileReference; lastKnownFileType = image.png; path = "germany@3x.png"; sourceTree = "<group>"; };
		B193773C2804A0FA0075B063 /* germany@2x.png */ = {isa = PBXFileReference; lastKnownFileType = image.png; path = "germany@2x.png"; sourceTree = "<group>"; };
		B193773D2804A0FA0075B063 /* ireland@3x.png */ = {isa = PBXFileReference; lastKnownFileType = image.png; path = "ireland@3x.png"; sourceTree = "<group>"; };
		B193773E2804A0FA0075B063 /* italy@2x.png */ = {isa = PBXFileReference; lastKnownFileType = image.png; path = "italy@2x.png"; sourceTree = "<group>"; };
		B193773F2804A0FA0075B063 /* poland@2x.png */ = {isa = PBXFileReference; lastKnownFileType = image.png; path = "poland@2x.png"; sourceTree = "<group>"; };
		B19377402804A0FA0075B063 /* russia@2x.png */ = {isa = PBXFileReference; lastKnownFileType = image.png; path = "russia@2x.png"; sourceTree = "<group>"; };
		B19377412804A0FA0075B063 /* estonia@2x.png */ = {isa = PBXFileReference; lastKnownFileType = image.png; path = "estonia@2x.png"; sourceTree = "<group>"; };
		B19377422804A0FA0075B063 /* estonia@3x.png */ = {isa = PBXFileReference; lastKnownFileType = image.png; path = "estonia@3x.png"; sourceTree = "<group>"; };
		B19377432804A0FA0075B063 /* russia@3x.png */ = {isa = PBXFileReference; lastKnownFileType = image.png; path = "russia@3x.png"; sourceTree = "<group>"; };
		B19377442804A0FA0075B063 /* poland@3x.png */ = {isa = PBXFileReference; lastKnownFileType = image.png; path = "poland@3x.png"; sourceTree = "<group>"; };
		B19377452804A0FA0075B063 /* uk@3x.png */ = {isa = PBXFileReference; lastKnownFileType = image.png; path = "uk@3x.png"; sourceTree = "<group>"; };
		B19377462804A0FA0075B063 /* us@3x.png */ = {isa = PBXFileReference; lastKnownFileType = image.png; path = "us@3x.png"; sourceTree = "<group>"; };
		B19377472804A0FA0075B063 /* france@3x.png */ = {isa = PBXFileReference; lastKnownFileType = image.png; path = "france@3x.png"; sourceTree = "<group>"; };
		B19377482804A0FA0075B063 /* monaco@2x.png */ = {isa = PBXFileReference; lastKnownFileType = image.png; path = "monaco@2x.png"; sourceTree = "<group>"; };
		B19377492804A0FA0075B063 /* monaco@3x.png */ = {isa = PBXFileReference; lastKnownFileType = image.png; path = "monaco@3x.png"; sourceTree = "<group>"; };
		B193774A2804A0FA0075B063 /* france@2x.png */ = {isa = PBXFileReference; lastKnownFileType = image.png; path = "france@2x.png"; sourceTree = "<group>"; };
		B193774B2804A0FA0075B063 /* us@2x.png */ = {isa = PBXFileReference; lastKnownFileType = image.png; path = "us@2x.png"; sourceTree = "<group>"; };
		B193774C2804A0FA0075B063 /* uk@2x.png */ = {isa = PBXFileReference; lastKnownFileType = image.png; path = "uk@2x.png"; sourceTree = "<group>"; };
		B1937765280751330075B063 /* detailViewController.swift */ = {isa = PBXFileReference; lastKnownFileType = sourcecode.swift; path = detailViewController.swift; sourceTree = "<group>"; };
/* End PBXFileReference section */

/* Begin PBXFrameworksBuildPhase section */
		B193771A2804A08F0075B063 /* Frameworks */ = {
			isa = PBXFrameworksBuildPhase;
			buildActionMask = 2147483647;
			files = (
			);
			runOnlyForDeploymentPostprocessing = 0;
		};
/* End PBXFrameworksBuildPhase section */

/* Begin PBXGroup section */
		B19377142804A08F0075B063 = {
			isa = PBXGroup;
			children = (
				B193771F2804A08F0075B063 /* 100DaySwift HomeWork */,
				B193771E2804A08F0075B063 /* Products */,
			);
			sourceTree = "<group>";
		};
		B193771E2804A08F0075B063 /* Products */ = {
			isa = PBXGroup;
			children = (
				B193771D2804A08F0075B063 /* 100DaySwift HomeWork.app */,
			);
			name = Products;
			sourceTree = "<group>";
		};
		B193771F2804A08F0075B063 /* 100DaySwift HomeWork */ = {
			isa = PBXGroup;
			children = (
				B19377202804A08F0075B063 /* AppDelegate.swift */,
				B19377222804A08F0075B063 /* SceneDelegate.swift */,
				B19377242804A08F0075B063 /* ViewController.swift */,
				B1937765280751330075B063 /* detailViewController.swift */,
				B19377262804A08F0075B063 /* Main.storyboard */,
				B19377292804A0900075B063 /* Assets.xcassets */,
				B19377342804A0FA0075B063 /* project2-files */,
				B193772B2804A0900075B063 /* LaunchScreen.storyboard */,
				B193772E2804A0900075B063 /* Info.plist */,
			);
			path = "100DaySwift HomeWork";
			sourceTree = "<group>";
		};
		B19377342804A0FA0075B063 /* project2-files */ = {
			isa = PBXGroup;
			children = (
				B19377352804A0FA0075B063 /* spain@2x.png */,
				B19377362804A0FA0075B063 /* nigeria@2x.png */,
				B19377372804A0FA0075B063 /* nigeria@3x.png */,
				B19377382804A0FA0075B063 /* spain@3x.png */,
				B19377392804A0FA0075B063 /* italy@3x.png */,
				B193773A2804A0FA0075B063 /* ireland@2x.png */,
				B193773B2804A0FA0075B063 /* germany@3x.png */,
				B193773C2804A0FA0075B063 /* germany@2x.png */,
				B193773D2804A0FA0075B063 /* ireland@3x.png */,
				B193773E2804A0FA0075B063 /* italy@2x.png */,
				B193773F2804A0FA0075B063 /* poland@2x.png */,
				B19377402804A0FA0075B063 /* russia@2x.png */,
				B19377412804A0FA0075B063 /* estonia@2x.png */,
				B19377422804A0FA0075B063 /* estonia@3x.png */,
				B19377432804A0FA0075B063 /* russia@3x.png */,
				B19377442804A0FA0075B063 /* poland@3x.png */,
				B19377452804A0FA0075B063 /* uk@3x.png */,
				B19377462804A0FA0075B063 /* us@3x.png */,
				B19377472804A0FA0075B063 /* france@3x.png */,
				B19377482804A0FA0075B063 /* monaco@2x.png */,
				B19377492804A0FA0075B063 /* monaco@3x.png */,
				B193774A2804A0FA0075B063 /* france@2x.png */,
				B193774B2804A0FA0075B063 /* us@2x.png */,
				B193774C2804A0FA0075B063 /* uk@2x.png */,
			);
			path = "project2-files";
			sourceTree = "<group>";
		};
/* End PBXGroup section */

/* Begin PBXNativeTarget section */
		B193771C2804A08F0075B063 /* 100DaySwift HomeWork */ = {
			isa = PBXNativeTarget;
			buildConfigurationList = B19377312804A0900075B063 /* Build configuration list for PBXNativeTarget "100DaySwift HomeWork" */;
			buildPhases = (
				B19377192804A08F0075B063 /* Sources */,
				B193771A2804A08F0075B063 /* Frameworks */,
				B193771B2804A08F0075B063 /* Resources */,
			);
			buildRules = (
			);
			dependencies = (
			);
			name = "100DaySwift HomeWork";
			productName = "100DaySwift HomeWork";
			productReference = B193771D2804A08F0075B063 /* 100DaySwift HomeWork.app */;
			productType = "com.apple.product-type.application";
		};
/* End PBXNativeTarget section */

/* Begin PBXProject section */
		B19377152804A08F0075B063 /* Project object */ = {
			isa = PBXProject;
			attributes = {
				BuildIndependentTargetsInParallel = 1;
				LastSwiftUpdateCheck = 1310;
				LastUpgradeCheck = 1310;
				TargetAttributes = {
					B193771C2804A08F0075B063 = {
						CreatedOnToolsVersion = 13.1;
					};
				};
			};
			buildConfigurationList = B19377182804A08F0075B063 /* Build configuration list for PBXProject "100DaySwift HomeWork" */;
			compatibilityVersion = "Xcode 13.0";
			developmentRegion = en;
			hasScannedForEncodings = 0;
			knownRegions = (
				en,
				Base,
			);
			mainGroup = B19377142804A08F0075B063;
			productRefGroup = B193771E2804A08F0075B063 /* Products */;
			projectDirPath = "";
			projectRoot = "";
			targets = (
				B193771C2804A08F0075B063 /* 100DaySwift HomeWork */,
			);
		};
/* End PBXProject section */

/* Begin PBXResourcesBuildPhase section */
		B193771B2804A08F0075B063 /* Resources */ = {
			isa = PBXResourcesBuildPhase;
			buildActionMask = 2147483647;
			files = (
				B19377612804A0FA0075B063 /* monaco@3x.png in Resources */,
				B193774E2804A0FA0075B063 /* nigeria@2x.png in Resources */,
				B19377632804A0FA0075B063 /* us@2x.png in Resources */,
				B193774F2804A0FA0075B063 /* nigeria@3x.png in Resources */,
				B193775C2804A0FA0075B063 /* poland@3x.png in Resources */,
				B193775D2804A0FA0075B063 /* uk@3x.png in Resources */,
				B19377622804A0FA0075B063 /* france@2x.png in Resources */,
				B19377562804A0FA0075B063 /* italy@2x.png in Resources */,
				B193774D2804A0FA0075B063 /* spain@2x.png in Resources */,
				B19377532804A0FA0075B063 /* germany@3x.png in Resources */,
				B193772D2804A0900075B063 /* LaunchScreen.storyboard in Resources */,
				B19377572804A0FA0075B063 /* poland@2x.png in Resources */,
				B193772A2804A0900075B063 /* Assets.xcassets in Resources */,
				B19377512804A0FA0075B063 /* italy@3x.png in Resources */,
				B193775A2804A0FA0075B063 /* estonia@3x.png in Resources */,
				B19377602804A0FA0075B063 /* monaco@2x.png in Resources */,
				B19377282804A08F0075B063 /* Main.storyboard in Resources */,
				B19377522804A0FA0075B063 /* ireland@2x.png in Resources */,
				B19377542804A0FA0075B063 /* germany@2x.png in Resources */,
				B193775E2804A0FA0075B063 /* us@3x.png in Resources */,
				B19377502804A0FA0075B063 /* spain@3x.png in Resources */,
				B19377582804A0FA0075B063 /* russia@2x.png in Resources */,
				B19377592804A0FA0075B063 /* estonia@2x.png in Resources */,
				B193775B2804A0FA0075B063 /* russia@3x.png in Resources */,
				B19377642804A0FA0075B063 /* uk@2x.png in Resources */,
				B193775F2804A0FA0075B063 /* france@3x.png in Resources */,
				B19377552804A0FA0075B063 /* ireland@3x.png in Resources */,
			);
			runOnlyForDeploymentPostprocessing = 0;
		};
/* End PBXResourcesBuildPhase section */

/* Begin PBXSourcesBuildPhase section */
		B19377192804A08F0075B063 /* Sources */ = {
			isa = PBXSourcesBuildPhase;
			buildActionMask = 2147483647;
			files = (
				B19377252804A08F0075B063 /* ViewController.swift in Sources */,
				B19377212804A08F0075B063 /* AppDelegate.swift in Sources */,
				B19377232804A08F0075B063 /* SceneDelegate.swift in Sources */,
				B1937766280751330075B063 /* detailViewController.swift in Sources */,
			);
			runOnlyForDeploymentPostprocessing = 0;
		};
/* End PBXSourcesBuildPhase section */

/* Begin PBXVariantGroup section */
		B19377262804A08F0075B063 /* Main.storyboard */ = {
			isa = PBXVariantGroup;
			children = (
				B19377272804A08F0075B063 /* Base */,
			);
			name = Main.storyboard;
			sourceTree = "<group>";
		};
		B193772B2804A0900075B063 /* LaunchScreen.storyboard */ = {
			isa = PBXVariantGroup;
			children = (
				B193772C2804A0900075B063 /* Base */,
			);
			name = LaunchScreen.storyboard;
			sourceTree = "<group>";
		};
/* End PBXVariantGroup section */

/* Begin XCBuildConfiguration section */
		B193772F2804A0900075B063 /* Debug */ = {
			isa = XCBuildConfiguration;
			buildSettings = {
				ALWAYS_SEARCH_USER_PATHS = NO;
				CLANG_ANALYZER_NONNULL = YES;
				CLANG_ANALYZER_NUMBER_OBJECT_CONVERSION = YES_AGGRESSIVE;
				CLANG_CXX_LANGUAGE_STANDARD = "gnu++17";
				CLANG_CXX_LIBRARY = "libc++";
				CLANG_ENABLE_MODULES = YES;
				CLANG_ENABLE_OBJC_ARC = YES;
				CLANG_ENABLE_OBJC_WEAK = YES;
				CLANG_WARN_BLOCK_CAPTURE_AUTORELEASING = YES;
				CLANG_WARN_BOOL_CONVERSION = YES;
				CLANG_WARN_COMMA = YES;
				CLANG_WARN_CONSTANT_CONVERSION = YES;
				CLANG_WARN_DEPRECATED_OBJC_IMPLEMENTATIONS = YES;
				CLANG_WARN_DIRECT_OBJC_ISA_USAGE = YES_ERROR;
				CLANG_WARN_DOCUMENTATION_COMMENTS = YES;
				CLANG_WARN_EMPTY_BODY = YES;
				CLANG_WARN_ENUM_CONVERSION = YES;
				CLANG_WARN_INFINITE_RECURSION = YES;
				CLANG_WARN_INT_CONVERSION = YES;
				CLANG_WARN_NON_LITERAL_NULL_CONVERSION = YES;
				CLANG_WARN_OBJC_IMPLICIT_RETAIN_SELF = YES;
				CLANG_WARN_OBJC_LITERAL_CONVERSION = YES;
				CLANG_WARN_OBJC_ROOT_CLASS = YES_ERROR;
				CLANG_WARN_QUOTED_INCLUDE_IN_FRAMEWORK_HEADER = YES;
				CLANG_WARN_RANGE_LOOP_ANALYSIS = YES;
				CLANG_WARN_STRICT_PROTOTYPES = YES;
				CLANG_WARN_SUSPICIOUS_MOVE = YES;
				CLANG_WARN_UNGUARDED_AVAILABILITY = YES_AGGRESSIVE;
				CLANG_WARN_UNREACHABLE_CODE = YES;
				CLANG_WARN__DUPLICATE_METHOD_MATCH = YES;
				COPY_PHASE_STRIP = NO;
				DEBUG_INFORMATION_FORMAT = dwarf;
				ENABLE_STRICT_OBJC_MSGSEND = YES;
				ENABLE_TESTABILITY = YES;
				GCC_C_LANGUAGE_STANDARD = gnu11;
				GCC_DYNAMIC_NO_PIC = NO;
				GCC_NO_COMMON_BLOCKS = YES;
				GCC_OPTIMIZATION_LEVEL = 0;
				GCC_PREPROCESSOR_DEFINITIONS = (
					"DEBUG=1",
					"$(inherited)",
				);
				GCC_WARN_64_TO_32_BIT_CONVERSION = YES;
				GCC_WARN_ABOUT_RETURN_TYPE = YES_ERROR;
				GCC_WARN_UNDECLARED_SELECTOR = YES;
				GCC_WARN_UNINITIALIZED_AUTOS = YES_AGGRESSIVE;
				GCC_WARN_UNUSED_FUNCTION = YES;
				GCC_WARN_UNUSED_VARIABLE = YES;
				IPHONEOS_DEPLOYMENT_TARGET = 15.0;
				MTL_ENABLE_DEBUG_INFO = INCLUDE_SOURCE;
				MTL_FAST_MATH = YES;
				ONLY_ACTIVE_ARCH = YES;
				SDKROOT = iphoneos;
				SWIFT_ACTIVE_COMPILATION_CONDITIONS = DEBUG;
				SWIFT_OPTIMIZATION_LEVEL = "-Onone";
			};
			name = Debug;
		};
		B19377302804A0900075B063 /* Release */ = {
			isa = XCBuildConfiguration;
			buildSettings = {
				ALWAYS_SEARCH_USER_PATHS = NO;
				CLANG_ANALYZER_NONNULL = YES;
				CLANG_ANALYZER_NUMBER_OBJECT_CONVERSION = YES_AGGRESSIVE;
				CLANG_CXX_LANGUAGE_STANDARD = "gnu++17";
				CLANG_CXX_LIBRARY = "libc++";
				CLANG_ENABLE_MODULES = YES;
				CLANG_ENABLE_OBJC_ARC = YES;
				CLANG_ENABLE_OBJC_WEAK = YES;
				CLANG_WARN_BLOCK_CAPTURE_AUTORELEASING = YES;
				CLANG_WARN_BOOL_CONVERSION = YES;
				CLANG_WARN_COMMA = YES;
				CLANG_WARN_CONSTANT_CONVERSION = YES;
				CLANG_WARN_DEPRECATED_OBJC_IMPLEMENTATIONS = YES;
				CLANG_WARN_DIRECT_OBJC_ISA_USAGE = YES_ERROR;
				CLANG_WARN_DOCUMENTATION_COMMENTS = YES;
				CLANG_WARN_EMPTY_BODY = YES;
				CLANG_WARN_ENUM_CONVERSION = YES;
				CLANG_WARN_INFINITE_RECURSION = YES;
				CLANG_WARN_INT_CONVERSION = YES;
				CLANG_WARN_NON_LITERAL_NULL_CONVERSION = YES;
				CLANG_WARN_OBJC_IMPLICIT_RETAIN_SELF = YES;
				CLANG_WARN_OBJC_LITERAL_CONVERSION = YES;
				CLANG_WARN_OBJC_ROOT_CLASS = YES_ERROR;
				CLANG_WARN_QUOTED_INCLUDE_IN_FRAMEWORK_HEADER = YES;
				CLANG_WARN_RANGE_LOOP_ANALYSIS = YES;
				CLANG_WARN_STRICT_PROTOTYPES = YES;
				CLANG_WARN_SUSPICIOUS_MOVE = YES;
				CLANG_WARN_UNGUARDED_AVAILABILITY = YES_AGGRESSIVE;
				CLANG_WARN_UNREACHABLE_CODE = YES;
				CLANG_WARN__DUPLICATE_METHOD_MATCH = YES;
				COPY_PHASE_STRIP = NO;
				DEBUG_INFORMATION_FORMAT = "dwarf-with-dsym";
				ENABLE_NS_ASSERTIONS = NO;
				ENABLE_STRICT_OBJC_MSGSEND = YES;
				GCC_C_LANGUAGE_STANDARD = gnu11;
				GCC_NO_COMMON_BLOCKS = YES;
				GCC_WARN_64_TO_32_BIT_CONVERSION = YES;
				GCC_WARN_ABOUT_RETURN_TYPE = YES_ERROR;
				GCC_WARN_UNDECLARED_SELECTOR = YES;
				GCC_WARN_UNINITIALIZED_AUTOS = YES_AGGRESSIVE;
				GCC_WARN_UNUSED_FUNCTION = YES;
				GCC_WARN_UNUSED_VARIABLE = YES;
				IPHONEOS_DEPLOYMENT_TARGET = 15.0;
				MTL_ENABLE_DEBUG_INFO = NO;
				MTL_FAST_MATH = YES;
				SDKROOT = iphoneos;
				SWIFT_COMPILATION_MODE = wholemodule;
				SWIFT_OPTIMIZATION_LEVEL = "-O";
				VALIDATE_PRODUCT = YES;
			};
			name = Release;
		};
		B19377322804A0900075B063 /* Debug */ = {
			isa = XCBuildConfiguration;
			buildSettings = {
				ASSETCATALOG_COMPILER_APPICON_NAME = AppIcon;
				ASSETCATALOG_COMPILER_GLOBAL_ACCENT_COLOR_NAME = AccentColor;
				CODE_SIGN_STYLE = Automatic;
				CURRENT_PROJECT_VERSION = 1;
				DEVELOPMENT_TEAM = 2V4WZ552YS;
				GENERATE_INFOPLIST_FILE = YES;
				INFOPLIST_FILE = "100DaySwift HomeWork/Info.plist";
				INFOPLIST_KEY_UIApplicationSupportsIndirectInputEvents = YES;
				INFOPLIST_KEY_UILaunchStoryboardName = LaunchScreen;
				INFOPLIST_KEY_UIMainStoryboardFile = Main;
				INFOPLIST_KEY_UISupportedInterfaceOrientations_iPad = "UIInterfaceOrientationPortrait UIInterfaceOrientationPortraitUpsideDown UIInterfaceOrientationLandscapeLeft UIInterfaceOrientationLandscapeRight";
				INFOPLIST_KEY_UISupportedInterfaceOrientations_iPhone = "UIInterfaceOrientationPortrait UIInterfaceOrientationLandscapeLeft UIInterfaceOrientationLandscapeRight";
				LD_RUNPATH_SEARCH_PATHS = (
					"$(inherited)",
					"@executable_path/Frameworks",
				);
				MARKETING_VERSION = 1.0;
				PRODUCT_BUNDLE_IDENTIFIER = "RomkaZobnin.-00DaySwift-HomeWork";
				PRODUCT_NAME = "$(TARGET_NAME)";
				SWIFT_EMIT_LOC_STRINGS = YES;
				SWIFT_VERSION = 5.0;
				TARGETED_DEVICE_FAMILY = "1,2";
			};
			name = Debug;
		};
		B19377332804A0900075B063 /* Release */ = {
			isa = XCBuildConfiguration;
			buildSettings = {
				ASSETCATALOG_COMPILER_APPICON_NAME = AppIcon;
				ASSETCATALOG_COMPILER_GLOBAL_ACCENT_COLOR_NAME = AccentColor;
				CODE_SIGN_STYLE = Automatic;
				CURRENT_PROJECT_VERSION = 1;
				DEVELOPMENT_TEAM = 2V4WZ552YS;
				GENERATE_INFOPLIST_FILE = YES;
				INFOPLIST_FILE = "100DaySwift HomeWork/Info.plist";
				INFOPLIST_KEY_UIApplicationSupportsIndirectInputEvents = YES;
				INFOPLIST_KEY_UILaunchStoryboardName = LaunchScreen;
				INFOPLIST_KEY_UIMainStoryboardFile = Main;
				INFOPLIST_KEY_UISupportedInterfaceOrientations_iPad = "UIInterfaceOrientationPortrait UIInterfaceOrientationPortraitUpsideDown UIInterfaceOrientationLandscapeLeft UIInterfaceOrientationLandscapeRight";
				INFOPLIST_KEY_UISupportedInterfaceOrientations_iPhone = "UIInterfaceOrientationPortrait UIInterfaceOrientationLandscapeLeft UIInterfaceOrientationLandscapeRight";
				LD_RUNPATH_SEARCH_PATHS = (
					"$(inherited)",
					"@executable_path/Frameworks",
				);
				MARKETING_VERSION = 1.0;
				PRODUCT_BUNDLE_IDENTIFIER = "RomkaZobnin.-00DaySwift-HomeWork";
				PRODUCT_NAME = "$(TARGET_NAME)";
				SWIFT_EMIT_LOC_STRINGS = YES;
				SWIFT_VERSION = 5.0;
				TARGETED_DEVICE_FAMILY = "1,2";
			};
			name = Release;
		};
/* End XCBuildConfiguration section */

/* Begin XCConfigurationList section */
		B19377182804A08F0075B063 /* Build configuration list for PBXProject "100DaySwift HomeWork" */ = {
			isa = XCConfigurationList;
			buildConfigurations = (
				B193772F2804A0900075B063 /* Debug */,
				B19377302804A0900075B063 /* Release */,
			);
			defaultConfigurationIsVisible = 0;
			defaultConfigurationName = Release;
		};
		B19377312804A0900075B063 /* Build configuration list for PBXNativeTarget "100DaySwift HomeWork" */ = {
			isa = XCConfigurationList;
			buildConfigurations = (
				B19377322804A0900075B063 /* Debug */,
				B19377332804A0900075B063 /* Release */,
			);
			defaultConfigurationIsVisible = 0;
			defaultConfigurationName = Release;
		};
/* End XCConfigurationList section */
	};
	rootObject = B19377152804A08F0075B063 /* Project object */;
}
